
Microsoft Visual Studio Solution File, Format Version 12.00
# Visual Studio Version 16
VisualStudioVersion = 16.0.30907.101
MinimumVisualStudioVersion = 10.0.40219.1
Project("{2150E333-8FDC-42A3-9474-1A3956D46DE8}") = "App", "App", "{7D8C58C5-08D2-4F84-909A-14284F6F1C7F}"
EndProject
Project("{2150E333-8FDC-42A3-9474-1A3956D46DE8}") = "src", "src", "{31FD348C-FB3F-4B13-AB1D-8FD6BE2F681B}"
EndProject
Project("{2150E333-8FDC-42A3-9474-1A3956D46DE8}") = "SignalR", "SignalR", "{3348DBF6-163F-4835-91ED-F5B296A77A08}"
EndProject
Project("{9A19103F-16F7-4668-BE54-9A1E7A4F7556}") = "GuessWho.SignalR.Hubs", "src\GuessWho.Infrastructure.SignalR\GuessWho.SignalR.Hubs.csproj", "{CF135E1B-272F-4F07-8F36-6E0D861665A7}"
EndProject
Project("{9A19103F-16F7-4668-BE54-9A1E7A4F7556}") = "GuessWho.App", "src\GuessWho.App\GuessWho.App.csproj", "{A81E8243-142C-4166-AC70-643FD31A6645}"
EndProject
Project("{9A19103F-16F7-4668-BE54-9A1E7A4F7556}") = "GuessWho.SignalR.Contracts", "src\GuessWho.SignalR.Contracts\GuessWho.SignalR.Contracts.csproj", "{62C014EC-244A-49B1-8577-0989B5F6AD6B}"
EndProject
Project("{2150E333-8FDC-42A3-9474-1A3956D46DE8}") = "Infra", "Infra", "{D8AA524A-8102-4B01-8164-295F8701E0A8}"
EndProject
Project("{9A19103F-16F7-4668-BE54-9A1E7A4F7556}") = "GuessWho.Infra.Blob", "src\GuessWho.Infra.Blob\GuessWho.Infra.Blob.csproj", "{99337377-1B6F-406A-8F63-8B2C91283B9F}"
EndProject
Project("{9A19103F-16F7-4668-BE54-9A1E7A4F7556}") = "GuessWho.Infra.Blob.Contracts", "src\GuessWho.Infra.Blob.Contracts\GuessWho.Infra.Blob.Contracts.csproj", "{4A9A1447-9975-4B13-B2B5-0B51B7096084}"
EndProject
Project("{9A19103F-16F7-4668-BE54-9A1E7A4F7556}") = "GuessWho.Infra.TableStorage.Contracts", "src\GuessWho.Infra.TableStorage.Contracts\GuessWho.Infra.TableStorage.Contracts.csproj", "{BF3E17DD-C097-426F-8D23-FAD1B3DCCD17}"
EndProject
Project("{9A19103F-16F7-4668-BE54-9A1E7A4F7556}") = "GuessWho.Infra.TableStorage", "src\GuessWho.Infra.TableStorage\GuessWho.Infra.TableStorage.csproj", "{6B03F250-EFFB-4562-8FFD-1220AA4F3FEC}"
EndProject
Project("{2150E333-8FDC-42A3-9474-1A3956D46DE8}") = "Execution", "Execution", "{E9350E4B-F107-41AB-85F5-C0B11C0F1369}"
EndProject
Project("{9A19103F-16F7-4668-BE54-9A1E7A4F7556}") = "GuessWho.Models", "src\GuessWho.Models\GuessWho.Models.csproj", "{B6CD48C6-E91E-4C4C-B9BB-091D84313002}"
EndProject
Project("{9A19103F-16F7-4668-BE54-9A1E7A4F7556}") = "GuessWho.Execution.Table", "src\GuessWho.Execution.Table\GuessWho.Execution.Table.csproj", "{5A3446E7-FC6B-47B2-8364-774AE1D8BDF4}"
EndProject
Project("{FAE04EC0-301F-11D3-BF4B-00C04F79EFBC}") = "GuessWho.Execution.Dtos", "src\GuessWho.Execution.Dtos\GuessWho.Execution.Dtos.csproj", "{3C1516D5-1746-4A68-A9E7-262A4F4C33CF}"
EndProject
Project("{9A19103F-16F7-4668-BE54-9A1E7A4F7556}") = "GuessWho.Execution.Contracts", "src\GuessWho.Execution.Contracts\GuessWho.Execution.Contracts.csproj", "{C15AC518-98E7-48AD-870B-E8E7A615BC8C}"
EndProject
Project("{FAE04EC0-301F-11D3-BF4B-00C04F79EFBC}") = "GuesWho.ExecutionDependencyInjection", "src\GuesWho.ExecutionDependencyInjection\GuesWho.ExecutionDependencyInjection.csproj", "{3C2D423F-D2B4-4BEB-A7B2-65443E5EE5A4}"
EndProject
Project("{9A19103F-16F7-4668-BE54-9A1E7A4F7556}") = "GuessWho.Execution.Automapper", "src\GuessWho.Execution.Automapper\GuessWho.Execution.Automapper.csproj", "{F1581A72-8995-4E87-801A-EC2714279B40}"
EndProject
Global
	GlobalSection(SolutionConfigurationPlatforms) = preSolution
		Debug|Any CPU = Debug|Any CPU
		Release|Any CPU = Release|Any CPU
	EndGlobalSection
	GlobalSection(ProjectConfigurationPlatforms) = postSolution
		{CF135E1B-272F-4F07-8F36-6E0D861665A7}.Debug|Any CPU.ActiveCfg = Debug|Any CPU
		{CF135E1B-272F-4F07-8F36-6E0D861665A7}.Debug|Any CPU.Build.0 = Debug|Any CPU
		{CF135E1B-272F-4F07-8F36-6E0D861665A7}.Release|Any CPU.ActiveCfg = Release|Any CPU
		{CF135E1B-272F-4F07-8F36-6E0D861665A7}.Release|Any CPU.Build.0 = Release|Any CPU
		{A81E8243-142C-4166-AC70-643FD31A6645}.Debug|Any CPU.ActiveCfg = Debug|Any CPU
		{A81E8243-142C-4166-AC70-643FD31A6645}.Debug|Any CPU.Build.0 = Debug|Any CPU
		{A81E8243-142C-4166-AC70-643FD31A6645}.Release|Any CPU.ActiveCfg = Release|Any CPU
		{A81E8243-142C-4166-AC70-643FD31A6645}.Release|Any CPU.Build.0 = Release|Any CPU
		{62C014EC-244A-49B1-8577-0989B5F6AD6B}.Debug|Any CPU.ActiveCfg = Debug|Any CPU
		{62C014EC-244A-49B1-8577-0989B5F6AD6B}.Debug|Any CPU.Build.0 = Debug|Any CPU
		{62C014EC-244A-49B1-8577-0989B5F6AD6B}.Release|Any CPU.ActiveCfg = Release|Any CPU
		{62C014EC-244A-49B1-8577-0989B5F6AD6B}.Release|Any CPU.Build.0 = Release|Any CPU
		{99337377-1B6F-406A-8F63-8B2C91283B9F}.Debug|Any CPU.ActiveCfg = Debug|Any CPU
		{99337377-1B6F-406A-8F63-8B2C91283B9F}.Debug|Any CPU.Build.0 = Debug|Any CPU
		{99337377-1B6F-406A-8F63-8B2C91283B9F}.Release|Any CPU.ActiveCfg = Release|Any CPU
		{99337377-1B6F-406A-8F63-8B2C91283B9F}.Release|Any CPU.Build.0 = Release|Any CPU
		{4A9A1447-9975-4B13-B2B5-0B51B7096084}.Debug|Any CPU.ActiveCfg = Debug|Any CPU
		{4A9A1447-9975-4B13-B2B5-0B51B7096084}.Debug|Any CPU.Build.0 = Debug|Any CPU
		{4A9A1447-9975-4B13-B2B5-0B51B7096084}.Release|Any CPU.ActiveCfg = Release|Any CPU
		{4A9A1447-9975-4B13-B2B5-0B51B7096084}.Release|Any CPU.Build.0 = Release|Any CPU
		{BF3E17DD-C097-426F-8D23-FAD1B3DCCD17}.Debug|Any CPU.ActiveCfg = Debug|Any CPU
		{BF3E17DD-C097-426F-8D23-FAD1B3DCCD17}.Debug|Any CPU.Build.0 = Debug|Any CPU
		{BF3E17DD-C097-426F-8D23-FAD1B3DCCD17}.Release|Any CPU.ActiveCfg = Release|Any CPU
		{BF3E17DD-C097-426F-8D23-FAD1B3DCCD17}.Release|Any CPU.Build.0 = Release|Any CPU
		{6B03F250-EFFB-4562-8FFD-1220AA4F3FEC}.Debug|Any CPU.ActiveCfg = Debug|Any CPU
		{6B03F250-EFFB-4562-8FFD-1220AA4F3FEC}.Debug|Any CPU.Build.0 = Debug|Any CPU
		{6B03F250-EFFB-4562-8FFD-1220AA4F3FEC}.Release|Any CPU.ActiveCfg = Release|Any CPU
		{6B03F250-EFFB-4562-8FFD-1220AA4F3FEC}.Release|Any CPU.Build.0 = Release|Any CPU
		{B6CD48C6-E91E-4C4C-B9BB-091D84313002}.Debug|Any CPU.ActiveCfg = Debug|Any CPU
		{B6CD48C6-E91E-4C4C-B9BB-091D84313002}.Debug|Any CPU.Build.0 = Debug|Any CPU
		{B6CD48C6-E91E-4C4C-B9BB-091D84313002}.Release|Any CPU.ActiveCfg = Release|Any CPU
		{B6CD48C6-E91E-4C4C-B9BB-091D84313002}.Release|Any CPU.Build.0 = Release|Any CPU
		{5A3446E7-FC6B-47B2-8364-774AE1D8BDF4}.Debug|Any CPU.ActiveCfg = Debug|Any CPU
		{5A3446E7-FC6B-47B2-8364-774AE1D8BDF4}.Debug|Any CPU.Build.0 = Debug|Any CPU
		{5A3446E7-FC6B-47B2-8364-774AE1D8BDF4}.Release|Any CPU.ActiveCfg = Release|Any CPU
		{5A3446E7-FC6B-47B2-8364-774AE1D8BDF4}.Release|Any CPU.Build.0 = Release|Any CPU
		{3C1516D5-1746-4A68-A9E7-262A4F4C33CF}.Debug|Any CPU.ActiveCfg = Debug|Any CPU
		{3C1516D5-1746-4A68-A9E7-262A4F4C33CF}.Debug|Any CPU.Build.0 = Debug|Any CPU
		{3C1516D5-1746-4A68-A9E7-262A4F4C33CF}.Release|Any CPU.ActiveCfg = Release|Any CPU
		{3C1516D5-1746-4A68-A9E7-262A4F4C33CF}.Release|Any CPU.Build.0 = Release|Any CPU
		{C15AC518-98E7-48AD-870B-E8E7A615BC8C}.Debug|Any CPU.ActiveCfg = Debug|Any CPU
		{C15AC518-98E7-48AD-870B-E8E7A615BC8C}.Debug|Any CPU.Build.0 = Debug|Any CPU
		{C15AC518-98E7-48AD-870B-E8E7A615BC8C}.Release|Any CPU.ActiveCfg = Release|Any CPU
		{C15AC518-98E7-48AD-870B-E8E7A615BC8C}.Release|Any CPU.Build.0 = Release|Any CPU
		{3C2D423F-D2B4-4BEB-A7B2-65443E5EE5A4}.Debug|Any CPU.ActiveCfg = Debug|Any CPU
		{3C2D423F-D2B4-4BEB-A7B2-65443E5EE5A4}.Debug|Any CPU.Build.0 = Debug|Any CPU
		{3C2D423F-D2B4-4BEB-A7B2-65443E5EE5A4}.Release|Any CPU.ActiveCfg = Release|Any CPU
		{3C2D423F-D2B4-4BEB-A7B2-65443E5EE5A4}.Release|Any CPU.Build.0 = Release|Any CPU
		{F1581A72-8995-4E87-801A-EC2714279B40}.Debug|Any CPU.ActiveCfg = Debug|Any CPU
		{F1581A72-8995-4E87-801A-EC2714279B40}.Debug|Any CPU.Build.0 = Debug|Any CPU
		{F1581A72-8995-4E87-801A-EC2714279B40}.Release|Any CPU.ActiveCfg = Release|Any CPU
		{F1581A72-8995-4E87-801A-EC2714279B40}.Release|Any CPU.Build.0 = Release|Any CPU
	EndGlobalSection
	GlobalSection(SolutionProperties) = preSolution
		HideSolutionNode = FALSE
	EndGlobalSection
	GlobalSection(NestedProjects) = preSolution
		{7D8C58C5-08D2-4F84-909A-14284F6F1C7F} = {31FD348C-FB3F-4B13-AB1D-8FD6BE2F681B}
		{3348DBF6-163F-4835-91ED-F5B296A77A08} = {31FD348C-FB3F-4B13-AB1D-8FD6BE2F681B}
		{CF135E1B-272F-4F07-8F36-6E0D861665A7} = {3348DBF6-163F-4835-91ED-F5B296A77A08}
		{A81E8243-142C-4166-AC70-643FD31A6645} = {7D8C58C5-08D2-4F84-909A-14284F6F1C7F}
		{62C014EC-244A-49B1-8577-0989B5F6AD6B} = {3348DBF6-163F-4835-91ED-F5B296A77A08}
		{D8AA524A-8102-4B01-8164-295F8701E0A8} = {31FD348C-FB3F-4B13-AB1D-8FD6BE2F681B}
		{99337377-1B6F-406A-8F63-8B2C91283B9F} = {D8AA524A-8102-4B01-8164-295F8701E0A8}
		{4A9A1447-9975-4B13-B2B5-0B51B7096084} = {D8AA524A-8102-4B01-8164-295F8701E0A8}
		{BF3E17DD-C097-426F-8D23-FAD1B3DCCD17} = {D8AA524A-8102-4B01-8164-295F8701E0A8}
		{6B03F250-EFFB-4562-8FFD-1220AA4F3FEC} = {D8AA524A-8102-4B01-8164-295F8701E0A8}
		{E9350E4B-F107-41AB-85F5-C0B11C0F1369} = {31FD348C-FB3F-4B13-AB1D-8FD6BE2F681B}
		{B6CD48C6-E91E-4C4C-B9BB-091D84313002} = {E9350E4B-F107-41AB-85F5-C0B11C0F1369}
		{5A3446E7-FC6B-47B2-8364-774AE1D8BDF4} = {E9350E4B-F107-41AB-85F5-C0B11C0F1369}
		{3C1516D5-1746-4A68-A9E7-262A4F4C33CF} = {E9350E4B-F107-41AB-85F5-C0B11C0F1369}
		{C15AC518-98E7-48AD-870B-E8E7A615BC8C} = {E9350E4B-F107-41AB-85F5-C0B11C0F1369}
		{3C2D423F-D2B4-4BEB-A7B2-65443E5EE5A4} = {E9350E4B-F107-41AB-85F5-C0B11C0F1369}
		{F1581A72-8995-4E87-801A-EC2714279B40} = {E9350E4B-F107-41AB-85F5-C0B11C0F1369}
	EndGlobalSection
	GlobalSection(ExtensibilityGlobals) = postSolution
		SolutionGuid = {C410DA83-7BDB-4DC2-AC26-7BF8CB7654BF}
	EndGlobalSection
EndGlobal
